
Microsoft Visual Studio Solution File, Format Version 12.00
# Visual Studio 14
VisualStudioVersion = 14.0.25420.1
MinimumVisualStudioVersion = 10.0.40219.1
Project("{FAE04EC0-301F-11D3-BF4B-00C04F79EFBC}") = "GPSHeaded", "GPSHeaded\GPSHeaded.csproj", "{95CB7781-AE92-418E-9BA3-8D6D5D17C38C}"
EndProject
Project("{FAE04EC0-301F-11D3-BF4B-00C04F79EFBC}") = "PejoTechIot.Gps", "PejoTechIot.Gps\PejoTechIot.Gps.csproj", "{4E6B432F-FD44-410B-902C-5F0033CFAC38}"
EndProject
Project("{FAE04EC0-301F-11D3-BF4B-00C04F79EFBC}") = "PejoTechIot.Compass", "PejoTechIot.Compass\PejoTechIot.Compass.csproj", "{D66DD8B7-1A7E-4410-9FB7-3823BA443674}"
EndProject
Project("{FAE04EC0-301F-11D3-BF4B-00C04F79EFBC}") = "PejoTechIot.Servo", "PejoTechIot.Servo\PejoTechIot.Servo.csproj", "{B8657027-DC49-48B8-98C0-7EBA5A346956}"
EndProject
Project("{FAE04EC0-301F-11D3-BF4B-00C04F79EFBC}") = "PejoTechIot.Autopilot", "PejoTechIot.Autopilot\PejoTechIot.Autopilot.csproj", "{9E389891-F50C-43DD-8DC4-91F9899B3654}"
EndProject
Project("{FAE04EC0-301F-11D3-BF4B-00C04F79EFBC}") = "Magellanic.I2C", "Magellanic.I2c\Magellanic.I2C.csproj", "{938D8290-E3C9-4603-A289-B35DA204D178}"
EndProject
Global
	GlobalSection(SolutionConfigurationPlatforms) = preSolution
		Debug|Any CPU = Debug|Any CPU
		Debug|ARM = Debug|ARM
		Debug|x64 = Debug|x64
		Debug|x86 = Debug|x86
		Release|Any CPU = Release|Any CPU
		Release|ARM = Release|ARM
		Release|x64 = Release|x64
		Release|x86 = Release|x86
	EndGlobalSection
	GlobalSection(ProjectConfigurationPlatforms) = postSolution
		{95CB7781-AE92-418E-9BA3-8D6D5D17C38C}.Debug|Any CPU.ActiveCfg = Debug|x86
		{95CB7781-AE92-418E-9BA3-8D6D5D17C38C}.Debug|ARM.ActiveCfg = Debug|ARM
		{95CB7781-AE92-418E-9BA3-8D6D5D17C38C}.Debug|ARM.Build.0 = Debug|ARM
		{95CB7781-AE92-418E-9BA3-8D6D5D17C38C}.Debug|ARM.Deploy.0 = Debug|ARM
		{95CB7781-AE92-418E-9BA3-8D6D5D17C38C}.Debug|x64.ActiveCfg = Debug|x64
		{95CB7781-AE92-418E-9BA3-8D6D5D17C38C}.Debug|x64.Build.0 = Debug|x64
		{95CB7781-AE92-418E-9BA3-8D6D5D17C38C}.Debug|x64.Deploy.0 = Debug|x64
		{95CB7781-AE92-418E-9BA3-8D6D5D17C38C}.Debug|x86.ActiveCfg = Debug|x86
		{95CB7781-AE92-418E-9BA3-8D6D5D17C38C}.Debug|x86.Build.0 = Debug|x86
		{95CB7781-AE92-418E-9BA3-8D6D5D17C38C}.Debug|x86.Deploy.0 = Debug|x86
		{95CB7781-AE92-418E-9BA3-8D6D5D17C38C}.Release|Any CPU.ActiveCfg = Release|x86
		{95CB7781-AE92-418E-9BA3-8D6D5D17C38C}.Release|ARM.ActiveCfg = Release|ARM
		{95CB7781-AE92-418E-9BA3-8D6D5D17C38C}.Release|ARM.Build.0 = Release|ARM
		{95CB7781-AE92-418E-9BA3-8D6D5D17C38C}.Release|ARM.Deploy.0 = Release|ARM
		{95CB7781-AE92-418E-9BA3-8D6D5D17C38C}.Release|x64.ActiveCfg = Release|x64
		{95CB7781-AE92-418E-9BA3-8D6D5D17C38C}.Release|x64.Build.0 = Release|x64
		{95CB7781-AE92-418E-9BA3-8D6D5D17C38C}.Release|x64.Deploy.0 = Release|x64
		{95CB7781-AE92-418E-9BA3-8D6D5D17C38C}.Release|x86.ActiveCfg = Release|x86
		{95CB7781-AE92-418E-9BA3-8D6D5D17C38C}.Release|x86.Build.0 = Release|x86
		{95CB7781-AE92-418E-9BA3-8D6D5D17C38C}.Release|x86.Deploy.0 = Release|x86
		{4E6B432F-FD44-410B-902C-5F0033CFAC38}.Debug|Any CPU.ActiveCfg = Debug|x86
		{4E6B432F-FD44-410B-902C-5F0033CFAC38}.Debug|ARM.ActiveCfg = Debug|ARM
		{4E6B432F-FD44-410B-902C-5F0033CFAC38}.Debug|ARM.Build.0 = Debug|ARM
		{4E6B432F-FD44-410B-902C-5F0033CFAC38}.Debug|ARM.Deploy.0 = Debug|ARM
		{4E6B432F-FD44-410B-902C-5F0033CFAC38}.Debug|x64.ActiveCfg = Debug|x64
		{4E6B432F-FD44-410B-902C-5F0033CFAC38}.Debug|x64.Build.0 = Debug|x64
		{4E6B432F-FD44-410B-902C-5F0033CFAC38}.Debug|x64.Deploy.0 = Debug|x64
		{4E6B432F-FD44-410B-902C-5F0033CFAC38}.Debug|x86.ActiveCfg = Debug|x86
		{4E6B432F-FD44-410B-902C-5F0033CFAC38}.Debug|x86.Build.0 = Debug|x86
		{4E6B432F-FD44-410B-902C-5F0033CFAC38}.Debug|x86.Deploy.0 = Debug|x86
		{4E6B432F-FD44-410B-902C-5F0033CFAC38}.Release|Any CPU.ActiveCfg = Release|x86
		{4E6B432F-FD44-410B-902C-5F0033CFAC38}.Release|ARM.ActiveCfg = Release|ARM
		{4E6B432F-FD44-410B-902C-5F0033CFAC38}.Release|ARM.Build.0 = Release|ARM
		{4E6B432F-FD44-410B-902C-5F0033CFAC38}.Release|ARM.Deploy.0 = Release|ARM
		{4E6B432F-FD44-410B-902C-5F0033CFAC38}.Release|x64.ActiveCfg = Release|x64
		{4E6B432F-FD44-410B-902C-5F0033CFAC38}.Release|x64.Build.0 = Release|x64
		{4E6B432F-FD44-410B-902C-5F0033CFAC38}.Release|x64.Deploy.0 = Release|x64
		{4E6B432F-FD44-410B-902C-5F0033CFAC38}.Release|x86.ActiveCfg = Release|x86
		{4E6B432F-FD44-410B-902C-5F0033CFAC38}.Release|x86.Build.0 = Release|x86
		{4E6B432F-FD44-410B-902C-5F0033CFAC38}.Release|x86.Deploy.0 = Release|x86
		{D66DD8B7-1A7E-4410-9FB7-3823BA443674}.Debug|Any CPU.ActiveCfg = Debug|x86
		{D66DD8B7-1A7E-4410-9FB7-3823BA443674}.Debug|ARM.ActiveCfg = Debug|ARM
		{D66DD8B7-1A7E-4410-9FB7-3823BA443674}.Debug|ARM.Build.0 = Debug|ARM
		{D66DD8B7-1A7E-4410-9FB7-3823BA443674}.Debug|ARM.Deploy.0 = Debug|ARM
		{D66DD8B7-1A7E-4410-9FB7-3823BA443674}.Debug|x64.ActiveCfg = Debug|x64
		{D66DD8B7-1A7E-4410-9FB7-3823BA443674}.Debug|x64.Build.0 = Debug|x64
		{D66DD8B7-1A7E-4410-9FB7-3823BA443674}.Debug|x64.Deploy.0 = Debug|x64
		{D66DD8B7-1A7E-4410-9FB7-3823BA443674}.Debug|x86.ActiveCfg = Debug|x86
		{D66DD8B7-1A7E-4410-9FB7-3823BA443674}.Debug|x86.Build.0 = Debug|x86
		{D66DD8B7-1A7E-4410-9FB7-3823BA443674}.Debug|x86.Deploy.0 = Debug|x86
		{D66DD8B7-1A7E-4410-9FB7-3823BA443674}.Release|Any CPU.ActiveCfg = Release|x86
		{D66DD8B7-1A7E-4410-9FB7-3823BA443674}.Release|ARM.ActiveCfg = Release|ARM
		{D66DD8B7-1A7E-4410-9FB7-3823BA443674}.Release|ARM.Build.0 = Release|ARM
		{D66DD8B7-1A7E-4410-9FB7-3823BA443674}.Release|ARM.Deploy.0 = Release|ARM
		{D66DD8B7-1A7E-4410-9FB7-3823BA443674}.Release|x64.ActiveCfg = Release|x64
		{D66DD8B7-1A7E-4410-9FB7-3823BA443674}.Release|x64.Build.0 = Release|x64
		{D66DD8B7-1A7E-4410-9FB7-3823BA443674}.Release|x64.Deploy.0 = Release|x64
		{D66DD8B7-1A7E-4410-9FB7-3823BA443674}.Release|x86.ActiveCfg = Release|x86
		{D66DD8B7-1A7E-4410-9FB7-3823BA443674}.Release|x86.Build.0 = Release|x86
		{D66DD8B7-1A7E-4410-9FB7-3823BA443674}.Release|x86.Deploy.0 = Release|x86
		{B8657027-DC49-48B8-98C0-7EBA5A346956}.Debug|Any CPU.ActiveCfg = Debug|x86
		{B8657027-DC49-48B8-98C0-7EBA5A346956}.Debug|ARM.ActiveCfg = Debug|ARM
		{B8657027-DC49-48B8-98C0-7EBA5A346956}.Debug|ARM.Build.0 = Debug|ARM
		{B8657027-DC49-48B8-98C0-7EBA5A346956}.Debug|ARM.Deploy.0 = Debug|ARM
		{B8657027-DC49-48B8-98C0-7EBA5A346956}.Debug|x64.ActiveCfg = Debug|x64
		{B8657027-DC49-48B8-98C0-7EBA5A346956}.Debug|x64.Build.0 = Debug|x64
		{B8657027-DC49-48B8-98C0-7EBA5A346956}.Debug|x64.Deploy.0 = Debug|x64
		{B8657027-DC49-48B8-98C0-7EBA5A346956}.Debug|x86.ActiveCfg = Debug|x86
		{B8657027-DC49-48B8-98C0-7EBA5A346956}.Debug|x86.Build.0 = Debug|x86
		{B8657027-DC49-48B8-98C0-7EBA5A346956}.Debug|x86.Deploy.0 = Debug|x86
		{B8657027-DC49-48B8-98C0-7EBA5A346956}.Release|Any CPU.ActiveCfg = Release|x86
		{B8657027-DC49-48B8-98C0-7EBA5A346956}.Release|ARM.ActiveCfg = Release|ARM
		{B8657027-DC49-48B8-98C0-7EBA5A346956}.Release|ARM.Build.0 = Release|ARM
		{B8657027-DC49-48B8-98C0-7EBA5A346956}.Release|ARM.Deploy.0 = Release|ARM
		{B8657027-DC49-48B8-98C0-7EBA5A346956}.Release|x64.ActiveCfg = Release|x64
		{B8657027-DC49-48B8-98C0-7EBA5A346956}.Release|x64.Build.0 = Release|x64
		{B8657027-DC49-48B8-98C0-7EBA5A346956}.Release|x64.Deploy.0 = Release|x64
		{B8657027-DC49-48B8-98C0-7EBA5A346956}.Release|x86.ActiveCfg = Release|x86
		{B8657027-DC49-48B8-98C0-7EBA5A346956}.Release|x86.Build.0 = Release|x86
		{B8657027-DC49-48B8-98C0-7EBA5A346956}.Release|x86.Deploy.0 = Release|x86
		{9E389891-F50C-43DD-8DC4-91F9899B3654}.Debug|Any CPU.ActiveCfg = Debug|x86
		{9E389891-F50C-43DD-8DC4-91F9899B3654}.Debug|ARM.ActiveCfg = Debug|ARM
		{9E389891-F50C-43DD-8DC4-91F9899B3654}.Debug|ARM.Build.0 = Debug|ARM
		{9E389891-F50C-43DD-8DC4-91F9899B3654}.Debug|ARM.Deploy.0 = Debug|ARM
		{9E389891-F50C-43DD-8DC4-91F9899B3654}.Debug|x64.ActiveCfg = Debug|x64
		{9E389891-F50C-43DD-8DC4-91F9899B3654}.Debug|x64.Build.0 = Debug|x64
		{9E389891-F50C-43DD-8DC4-91F9899B3654}.Debug|x64.Deploy.0 = Debug|x64
		{9E389891-F50C-43DD-8DC4-91F9899B3654}.Debug|x86.ActiveCfg = Debug|x86
		{9E389891-F50C-43DD-8DC4-91F9899B3654}.Debug|x86.Build.0 = Debug|x86
		{9E389891-F50C-43DD-8DC4-91F9899B3654}.Debug|x86.Deploy.0 = Debug|x86
		{9E389891-F50C-43DD-8DC4-91F9899B3654}.Release|Any CPU.ActiveCfg = Release|x86
		{9E389891-F50C-43DD-8DC4-91F9899B3654}.Release|ARM.ActiveCfg = Release|ARM
		{9E389891-F50C-43DD-8DC4-91F9899B3654}.Release|ARM.Build.0 = Release|ARM
		{9E389891-F50C-43DD-8DC4-91F9899B3654}.Release|ARM.Deploy.0 = Release|ARM
		{9E389891-F50C-43DD-8DC4-91F9899B3654}.Release|x64.ActiveCfg = Release|x64
		{9E389891-F50C-43DD-8DC4-91F9899B3654}.Release|x64.Build.0 = Release|x64
		{9E389891-F50C-43DD-8DC4-91F9899B3654}.Release|x64.Deploy.0 = Release|x64
		{9E389891-F50C-43DD-8DC4-91F9899B3654}.Release|x86.ActiveCfg = Release|x86
		{9E389891-F50C-43DD-8DC4-91F9899B3654}.Release|x86.Build.0 = Release|x86
		{9E389891-F50C-43DD-8DC4-91F9899B3654}.Release|x86.Deploy.0 = Release|x86
		{938D8290-E3C9-4603-A289-B35DA204D178}.Debug|Any CPU.ActiveCfg = Debug|Any CPU
		{938D8290-E3C9-4603-A289-B35DA204D178}.Debug|Any CPU.Build.0 = Debug|Any CPU
		{938D8290-E3C9-4603-A289-B35DA204D178}.Debug|ARM.ActiveCfg = Debug|ARM
		{938D8290-E3C9-4603-A289-B35DA204D178}.Debug|ARM.Build.0 = Debug|ARM
		{938D8290-E3C9-4603-A289-B35DA204D178}.Debug|x64.ActiveCfg = Debug|x64
		{938D8290-E3C9-4603-A289-B35DA204D178}.Debug|x64.Build.0 = Debug|x64
		{938D8290-E3C9-4603-A289-B35DA204D178}.Debug|x86.ActiveCfg = Debug|x86
		{938D8290-E3C9-4603-A289-B35DA204D178}.Debug|x86.Build.0 = Debug|x86
		{938D8290-E3C9-4603-A289-B35DA204D178}.Release|Any CPU.ActiveCfg = Release|Any CPU
		{938D8290-E3C9-4603-A289-B35DA204D178}.Release|Any CPU.Build.0 = Release|Any CPU
		{938D8290-E3C9-4603-A289-B35DA204D178}.Release|ARM.ActiveCfg = Release|ARM
		{938D8290-E3C9-4603-A289-B35DA204D178}.Release|ARM.Build.0 = Release|ARM
		{938D8290-E3C9-4603-A289-B35DA204D178}.Release|x64.ActiveCfg = Release|x64
		{938D8290-E3C9-4603-A289-B35DA204D178}.Release|x64.Build.0 = Release|x64
		{938D8290-E3C9-4603-A289-B35DA204D178}.Release|x86.ActiveCfg = Release|x86
		{938D8290-E3C9-4603-A289-B35DA204D178}.Release|x86.Build.0 = Release|x86
	EndGlobalSection
	GlobalSection(SolutionProperties) = preSolution
		HideSolutionNode = FALSE
	EndGlobalSection
EndGlobal
